
Microsoft Visual Studio Solution File, Format Version 12.00
# Visual Studio Version 17
VisualStudioVersion = 17.14.36518.9 d17.14
MinimumVisualStudioVersion = 10.0.40219.1
Project("{FAE04EC0-301F-11D3-BF4B-00C04F79EFBC}") = "HotstarScraper", "HotstarScraper.csproj", "{1ED09518-1FCE-4E49-8B48-5DDE6D77EB3D}"
EndProject
Global
	GlobalSection(SolutionConfigurationPlatforms) = preSolution
		Debug|Any CPU = Debug|Any CPU
		Release|Any CPU = Release|Any CPU
	EndGlobalSection
	GlobalSection(ProjectConfigurationPlatforms) = postSolution
		{1ED09518-1FCE-4E49-8B48-5DDE6D77EB3D}.Debug|Any CPU.ActiveCfg = Debug|Any CPU
		{1ED09518-1FCE-4E49-8B48-5DDE6D77EB3D}.Debug|Any CPU.Build.0 = Debug|Any CPU
		{1ED09518-1FCE-4E49-8B48-5DDE6D77EB3D}.Release|Any CPU.ActiveCfg = Release|Any CPU
		{1ED09518-1FCE-4E49-8B48-5DDE6D77EB3D}.Release|Any CPU.Build.0 = Release|Any CPU
	EndGlobalSection
	GlobalSection(SolutionProperties) = preSolution
		HideSolutionNode = FALSE
	EndGlobalSection
	GlobalSection(ExtensibilityGlobals) = postSolution
		SolutionGuid = {A015B3F1-B234-438B-95AD-118121AF92EA}
	EndGlobalSection
EndGlobal
